
Microsoft Visual Studio Solution File, Format Version 12.00
# Visual Studio Version 17
VisualStudioVersion = 17.7.34221.43
MinimumVisualStudioVersion = 10.0.40219.1
Project("{FAE04EC0-301F-11D3-BF4B-00C04F79EFBC}") = "cis", "cis\cis.csproj", "{B33176F9-4D7B-4B9B-8849-DD302C82C79E}"
EndProject
Global
	GlobalSection(SolutionConfigurationPlatforms) = preSolution
		Debug|Any CPU = Debug|Any CPU
		Release|Any CPU = Release|Any CPU
	EndGlobalSection
	GlobalSection(ProjectConfigurationPlatforms) = postSolution
		{B33176F9-4D7B-4B9B-8849-DD302C82C79E}.Debug|Any CPU.ActiveCfg = Debug|Any CPU
		{B33176F9-4D7B-4B9B-8849-DD302C82C79E}.Debug|Any CPU.Build.0 = Debug|Any CPU
		{B33176F9-4D7B-4B9B-8849-DD302C82C79E}.Release|Any CPU.ActiveCfg = Release|Any CPU
		{B33176F9-4D7B-4B9B-8849-DD302C82C79E}.Release|Any CPU.Build.0 = Release|Any CPU
	EndGlobalSection
	GlobalSection(SolutionProperties) = preSolution
		HideSolutionNode = FALSE
	EndGlobalSection
	GlobalSection(ExtensibilityGlobals) = postSolution
		SolutionGuid = {92693E7E-E0C1-4ED0-AECC-34E4D274CF12}
	EndGlobalSection
EndGlobal
